
Microsoft Visual Studio Solution File, Format Version 12.00
# Visual Studio Version 17
VisualStudioVersion = 17.9.34622.214
MinimumVisualStudioVersion = 10.0.40219.1
Project("{FAE04EC0-301F-11D3-BF4B-00C04F79EFBC}") = "PhoneTrafficService", "PhoneTrafficService\PhoneTrafficService.csproj", "{44917DAD-C345-4F64-83EA-571B2647A0E9}"
EndProject
Project("{FAE04EC0-301F-11D3-BF4B-00C04F79EFBC}") = "PhoneTrafficServiceTest", "PhoneTrafficServiceTest\PhoneTrafficServiceTest.csproj", "{8FCC298C-78D9-4948-8DFE-B7E22B0C2EC4}"
EndProject
Project("{930C7802-8A8C-48F9-8165-68863BCCD9DD}") = "PhoneTrafficServiceInstaller", "PhoneTrafficServiceInstaller\PhoneTrafficServiceInstaller.wixproj", "{E56F5098-5B9B-4821-8430-FAACE1D3BDA0}"
EndProject
Global
	GlobalSection(SolutionConfigurationPlatforms) = preSolution
		Debug|x86 = Debug|x86
		Release|x86 = Release|x86
	EndGlobalSection
	GlobalSection(ProjectConfigurationPlatforms) = postSolution
		{44917DAD-C345-4F64-83EA-571B2647A0E9}.Debug|x86.ActiveCfg = Debug|x86
		{44917DAD-C345-4F64-83EA-571B2647A0E9}.Debug|x86.Build.0 = Debug|x86
		{44917DAD-C345-4F64-83EA-571B2647A0E9}.Release|x86.ActiveCfg = Release|x86
		{44917DAD-C345-4F64-83EA-571B2647A0E9}.Release|x86.Build.0 = Release|x86
		{8FCC298C-78D9-4948-8DFE-B7E22B0C2EC4}.Debug|x86.ActiveCfg = Debug|x86
		{8FCC298C-78D9-4948-8DFE-B7E22B0C2EC4}.Debug|x86.Build.0 = Debug|x86
		{8FCC298C-78D9-4948-8DFE-B7E22B0C2EC4}.Release|x86.ActiveCfg = Release|x86
		{8FCC298C-78D9-4948-8DFE-B7E22B0C2EC4}.Release|x86.Build.0 = Release|x86
		{E56F5098-5B9B-4821-8430-FAACE1D3BDA0}.Debug|x86.ActiveCfg = Debug|x86
		{E56F5098-5B9B-4821-8430-FAACE1D3BDA0}.Debug|x86.Build.0 = Debug|x86
		{E56F5098-5B9B-4821-8430-FAACE1D3BDA0}.Release|x86.ActiveCfg = Release|x86
		{E56F5098-5B9B-4821-8430-FAACE1D3BDA0}.Release|x86.Build.0 = Release|x86
	EndGlobalSection
	GlobalSection(SolutionProperties) = preSolution
		HideSolutionNode = FALSE
	EndGlobalSection
	GlobalSection(ExtensibilityGlobals) = postSolution
		SolutionGuid = {3CCDC819-AED6-49A0-9C19-3C5E902430EB}
	EndGlobalSection
EndGlobal
