
Microsoft Visual Studio Solution File, Format Version 12.00
# Visual Studio Version 17
VisualStudioVersion = 17.9.34622.214
MinimumVisualStudioVersion = 10.0.40219.1
Project("{930C7802-8A8C-48F9-8165-68863BCCD9DD}") = "PhoneTrafficServiceInstaller", "PhoneTrafficServiceInstaller\PhoneTrafficServiceInstaller.wixproj", "{E56F5098-5B9B-4821-8430-FAACE1D3BDA0}"
EndProject
Project("{FAE04EC0-301F-11D3-BF4B-00C04F79EFBC}") = "PhoneTrafficServiceTest", "PhoneTrafficServiceTest\PhoneTrafficServiceTest.csproj", "{4B75B5F5-6458-49A2-B162-5BA2E2327D16}"
EndProject
Project("{FAE04EC0-301F-11D3-BF4B-00C04F79EFBC}") = "PhoneTrafficService", "PhoneTrafficService\PhoneTrafficService.csproj", "{4A68B4E9-4AA6-41D5-94D0-BDF66B77AD66}"
EndProject
Global
	GlobalSection(SolutionConfigurationPlatforms) = preSolution
		Debug|x86 = Debug|x86
		Release|x86 = Release|x86
	EndGlobalSection
	GlobalSection(ProjectConfigurationPlatforms) = postSolution
		{E56F5098-5B9B-4821-8430-FAACE1D3BDA0}.Debug|x86.ActiveCfg = Debug|x86
		{E56F5098-5B9B-4821-8430-FAACE1D3BDA0}.Debug|x86.Build.0 = Debug|x86
		{E56F5098-5B9B-4821-8430-FAACE1D3BDA0}.Release|x86.ActiveCfg = Release|x86
		{E56F5098-5B9B-4821-8430-FAACE1D3BDA0}.Release|x86.Build.0 = Release|x86
		{4B75B5F5-6458-49A2-B162-5BA2E2327D16}.Debug|x86.ActiveCfg = Debug|x86
		{4B75B5F5-6458-49A2-B162-5BA2E2327D16}.Debug|x86.Build.0 = Debug|x86
		{4B75B5F5-6458-49A2-B162-5BA2E2327D16}.Release|x86.ActiveCfg = Release|x86
		{4B75B5F5-6458-49A2-B162-5BA2E2327D16}.Release|x86.Build.0 = Release|x86
		{4A68B4E9-4AA6-41D5-94D0-BDF66B77AD66}.Debug|x86.ActiveCfg = Debug|x86
		{4A68B4E9-4AA6-41D5-94D0-BDF66B77AD66}.Debug|x86.Build.0 = Debug|x86
		{4A68B4E9-4AA6-41D5-94D0-BDF66B77AD66}.Release|x86.ActiveCfg = Release|x86
		{4A68B4E9-4AA6-41D5-94D0-BDF66B77AD66}.Release|x86.Build.0 = Release|x86
	EndGlobalSection
	GlobalSection(SolutionProperties) = preSolution
		HideSolutionNode = FALSE
	EndGlobalSection
	GlobalSection(ExtensibilityGlobals) = postSolution
		SolutionGuid = {3CCDC819-AED6-49A0-9C19-3C5E902430EB}
	EndGlobalSection
EndGlobal
